// !$*UTF8*$!
{
	archiveVersion = 1;
	classes = {
	};
	objectVersion = 77;
	objects = {

/* Begin PBXBuildFile section */
		0824969F2D4636D8007C06F8 /* FirebaseAnalytics in Frameworks */ = {isa = PBXBuildFile; productRef = 0824969E2D4636D8007C06F8 /* FirebaseAnalytics */; };
		082496A12D4636D8007C06F8 /* FirebaseAppCheck in Frameworks */ = {isa = PBXBuildFile; productRef = 082496A02D4636D8007C06F8 /* FirebaseAppCheck */; };
		082496A32D4636D8007C06F8 /* FirebaseAuth in Frameworks */ = {isa = PBXBuildFile; productRef = 082496A22D4636D8007C06F8 /* FirebaseAuth */; };
		082496A52D4636D8007C06F8 /* FirebaseCore in Frameworks */ = {isa = PBXBuildFile; productRef = 082496A42D4636D8007C06F8 /* FirebaseCore */; };
		082496A72D4636D8007C06F8 /* FirebaseCrashlytics in Frameworks */ = {isa = PBXBuildFile; productRef = 082496A62D4636D8007C06F8 /* FirebaseCrashlytics */; };
		082496A92D4636D8007C06F8 /* FirebaseDatabase in Frameworks */ = {isa = PBXBuildFile; productRef = 082496A82D4636D8007C06F8 /* FirebaseDatabase */; };
		082496AB2D4636D8007C06F8 /* FirebaseFirestore in Frameworks */ = {isa = PBXBuildFile; productRef = 082496AA2D4636D8007C06F8 /* FirebaseFirestore */; };
		082496AD2D4636D8007C06F8 /* FirebaseInAppMessaging-Beta in Frameworks */ = {isa = PBXBuildFile; productRef = 082496AC2D4636D8007C06F8 /* FirebaseInAppMessaging-Beta */; };
		082496AF2D4636D8007C06F8 /* FirebaseMessaging in Frameworks */ = {isa = PBXBuildFile; productRef = 082496AE2D4636D8007C06F8 /* FirebaseMessaging */; };
		082496B12D4636D8007C06F8 /* FirebaseStorage in Frameworks */ = {isa = PBXBuildFile; productRef = 082496B02D4636D8007C06F8 /* FirebaseStorage */; };
		082496B42D46370E007C06F8 /* GoogleSignIn in Frameworks */ = {isa = PBXBuildFile; productRef = 082496B32D46370E007C06F8 /* GoogleSignIn */; };
		082496B62D46370E007C06F8 /* GoogleSignInSwift in Frameworks */ = {isa = PBXBuildFile; productRef = 082496B52D46370E007C06F8 /* GoogleSignInSwift */; };
/* End PBXBuildFile section */

/* Begin PBXContainerItemProxy section */
		082495982D4630C5007C06F8 /* PBXContainerItemProxy */ = {
			isa = PBXContainerItemProxy;
			containerPortal = 0824957F2D4630C3007C06F8 /* Project object */;
			proxyType = 1;
			remoteGlobalIDString = 082495862D4630C3007C06F8;
			remoteInfo = Digly;
		};
		082495A22D4630C5007C06F8 /* PBXContainerItemProxy */ = {
			isa = PBXContainerItemProxy;
			containerPortal = 0824957F2D4630C3007C06F8 /* Project object */;
			proxyType = 1;
			remoteGlobalIDString = 082495862D4630C3007C06F8;
			remoteInfo = Digly;
		};
/* End PBXContainerItemProxy section */

/* Begin PBXFileReference section */
		082495872D4630C3007C06F8 /* Digly.app */ = {isa = PBXFileReference; explicitFileType = wrapper.application; includeInIndex = 0; path = Digly.app; sourceTree = BUILT_PRODUCTS_DIR; };
		082495972D4630C5007C06F8 /* DiglyTests.xctest */ = {isa = PBXFileReference; explicitFileType = wrapper.cfbundle; includeInIndex = 0; path = DiglyTests.xctest; sourceTree = BUILT_PRODUCTS_DIR; };
		082495A12D4630C5007C06F8 /* DiglyUITests.xctest */ = {isa = PBXFileReference; explicitFileType = wrapper.cfbundle; includeInIndex = 0; path = DiglyUITests.xctest; sourceTree = BUILT_PRODUCTS_DIR; };
/* End PBXFileReference section */

/* Begin PBXFileSystemSynchronizedBuildFileExceptionSet section */
		E5ECFCAC2DABF4BC0091A5A4 /* Exceptions for "Digly" folder in "Digly" target */ = {
			isa = PBXFileSystemSynchronizedBuildFileExceptionSet;
			membershipExceptions = (
				Info.plist,
			);
			target = 082495862D4630C3007C06F8 /* Digly */;
		};
/* End PBXFileSystemSynchronizedBuildFileExceptionSet section */

/* Begin PBXFileSystemSynchronizedRootGroup section */
		082495892D4630C3007C06F8 /* Digly */ = {
			isa = PBXFileSystemSynchronizedRootGroup;
			exceptions = (
				E5ECFCAC2DABF4BC0091A5A4 /* Exceptions for "Digly" folder in "Digly" target */,
			);
			path = Digly;
			sourceTree = "<group>";
		};
		0824959A2D4630C5007C06F8 /* DiglyTests */ = {
			isa = PBXFileSystemSynchronizedRootGroup;
			path = DiglyTests;
			sourceTree = "<group>";
		};
		082495A42D4630C5007C06F8 /* DiglyUITests */ = {
			isa = PBXFileSystemSynchronizedRootGroup;
			path = DiglyUITests;
			sourceTree = "<group>";
		};
/* End PBXFileSystemSynchronizedRootGroup section */

/* Begin PBXFrameworksBuildPhase section */
		082495842D4630C3007C06F8 /* Frameworks */ = {
			isa = PBXFrameworksBuildPhase;
			buildActionMask = 2147483647;
			files = (
				082496AF2D4636D8007C06F8 /* FirebaseMessaging in Frameworks */,
				082496A92D4636D8007C06F8 /* FirebaseDatabase in Frameworks */,
				082496B42D46370E007C06F8 /* GoogleSignIn in Frameworks */,
				082496B62D46370E007C06F8 /* GoogleSignInSwift in Frameworks */,
				082496A12D4636D8007C06F8 /* FirebaseAppCheck in Frameworks */,
				082496B12D4636D8007C06F8 /* FirebaseStorage in Frameworks */,
				082496A32D4636D8007C06F8 /* FirebaseAuth in Frameworks */,
				082496AD2D4636D8007C06F8 /* FirebaseInAppMessaging-Beta in Frameworks */,
				082496A72D4636D8007C06F8 /* FirebaseCrashlytics in Frameworks */,
				082496A52D4636D8007C06F8 /* FirebaseCore in Frameworks */,
				0824969F2D4636D8007C06F8 /* FirebaseAnalytics in Frameworks */,
				082496AB2D4636D8007C06F8 /* FirebaseFirestore in Frameworks */,
			);
			runOnlyForDeploymentPostprocessing = 0;
		};
		082495942D4630C5007C06F8 /* Frameworks */ = {
			isa = PBXFrameworksBuildPhase;
			buildActionMask = 2147483647;
			files = (
			);
			runOnlyForDeploymentPostprocessing = 0;
		};
		0824959E2D4630C5007C06F8 /* Frameworks */ = {
			isa = PBXFrameworksBuildPhase;
			buildActionMask = 2147483647;
			files = (
			);
			runOnlyForDeploymentPostprocessing = 0;
		};
/* End PBXFrameworksBuildPhase section */

/* Begin PBXGroup section */
		0824957E2D4630C3007C06F8 = {
			isa = PBXGroup;
			children = (
				082495892D4630C3007C06F8 /* Digly */,
				0824959A2D4630C5007C06F8 /* DiglyTests */,
				082495A42D4630C5007C06F8 /* DiglyUITests */,
				082495882D4630C3007C06F8 /* Products */,
			);
			sourceTree = "<group>";
		};
		082495882D4630C3007C06F8 /* Products */ = {
			isa = PBXGroup;
			children = (
				082495872D4630C3007C06F8 /* Digly.app */,
				082495972D4630C5007C06F8 /* DiglyTests.xctest */,
				082495A12D4630C5007C06F8 /* DiglyUITests.xctest */,
			);
			name = Products;
			sourceTree = "<group>";
		};
/* End PBXGroup section */

/* Begin PBXNativeTarget section */
		082495862D4630C3007C06F8 /* Digly */ = {
			isa = PBXNativeTarget;
			buildConfigurationList = 082495AB2D4630C5007C06F8 /* Build configuration list for PBXNativeTarget "Digly" */;
			buildPhases = (
				082495832D4630C3007C06F8 /* Sources */,
				082495842D4630C3007C06F8 /* Frameworks */,
				082495852D4630C3007C06F8 /* Resources */,
			);
			buildRules = (
			);
			dependencies = (
			);
			fileSystemSynchronizedGroups = (
				082495892D4630C3007C06F8 /* Digly */,
			);
			name = Digly;
			packageProductDependencies = (
				0824969E2D4636D8007C06F8 /* FirebaseAnalytics */,
				082496A02D4636D8007C06F8 /* FirebaseAppCheck */,
				082496A22D4636D8007C06F8 /* FirebaseAuth */,
				082496A42D4636D8007C06F8 /* FirebaseCore */,
				082496A62D4636D8007C06F8 /* FirebaseCrashlytics */,
				082496A82D4636D8007C06F8 /* FirebaseDatabase */,
				082496AA2D4636D8007C06F8 /* FirebaseFirestore */,
				082496AC2D4636D8007C06F8 /* FirebaseInAppMessaging-Beta */,
				082496AE2D4636D8007C06F8 /* FirebaseMessaging */,
				082496B02D4636D8007C06F8 /* FirebaseStorage */,
				082496B32D46370E007C06F8 /* GoogleSignIn */,
				082496B52D46370E007C06F8 /* GoogleSignInSwift */,
			);
			productName = Digly;
			productReference = 082495872D4630C3007C06F8 /* Digly.app */;
			productType = "com.apple.product-type.application";
		};
		082495962D4630C5007C06F8 /* DiglyTests */ = {
			isa = PBXNativeTarget;
			buildConfigurationList = 082495AE2D4630C5007C06F8 /* Build configuration list for PBXNativeTarget "DiglyTests" */;
			buildPhases = (
				082495932D4630C5007C06F8 /* Sources */,
				082495942D4630C5007C06F8 /* Frameworks */,
				082495952D4630C5007C06F8 /* Resources */,
			);
			buildRules = (
			);
			dependencies = (
				082495992D4630C5007C06F8 /* PBXTargetDependency */,
			);
			fileSystemSynchronizedGroups = (
				0824959A2D4630C5007C06F8 /* DiglyTests */,
			);
			name = DiglyTests;
			packageProductDependencies = (
			);
			productName = DiglyTests;
			productReference = 082495972D4630C5007C06F8 /* DiglyTests.xctest */;
			productType = "com.apple.product-type.bundle.unit-test";
		};
		082495A02D4630C5007C06F8 /* DiglyUITests */ = {
			isa = PBXNativeTarget;
			buildConfigurationList = 082495B12D4630C5007C06F8 /* Build configuration list for PBXNativeTarget "DiglyUITests" */;
			buildPhases = (
				0824959D2D4630C5007C06F8 /* Sources */,
				0824959E2D4630C5007C06F8 /* Frameworks */,
				0824959F2D4630C5007C06F8 /* Resources */,
			);
			buildRules = (
			);
			dependencies = (
				082495A32D4630C5007C06F8 /* PBXTargetDependency */,
			);
			fileSystemSynchronizedGroups = (
				082495A42D4630C5007C06F8 /* DiglyUITests */,
			);
			name = DiglyUITests;
			packageProductDependencies = (
			);
			productName = DiglyUITests;
			productReference = 082495A12D4630C5007C06F8 /* DiglyUITests.xctest */;
			productType = "com.apple.product-type.bundle.ui-testing";
		};
/* End PBXNativeTarget section */

/* Begin PBXProject section */
		0824957F2D4630C3007C06F8 /* Project object */ = {
			isa = PBXProject;
			attributes = {
				BuildIndependentTargetsInParallel = 1;
				LastSwiftUpdateCheck = 1620;
				LastUpgradeCheck = 1620;
				TargetAttributes = {
					082495862D4630C3007C06F8 = {
						CreatedOnToolsVersion = 16.2;
					};
					082495962D4630C5007C06F8 = {
						CreatedOnToolsVersion = 16.2;
						TestTargetID = 082495862D4630C3007C06F8;
					};
					082495A02D4630C5007C06F8 = {
						CreatedOnToolsVersion = 16.2;
						TestTargetID = 082495862D4630C3007C06F8;
					};
				};
			};
			buildConfigurationList = 082495822D4630C3007C06F8 /* Build configuration list for PBXProject "digly" */;
			developmentRegion = en;
			hasScannedForEncodings = 0;
			knownRegions = (
				en,
				Base,
			);
			mainGroup = 0824957E2D4630C3007C06F8;
			minimizedProjectReferenceProxies = 1;
			packageReferences = (
				0824969D2D4636D8007C06F8 /* XCRemoteSwiftPackageReference "firebase-ios-sdk" */,
				082496B22D46370E007C06F8 /* XCRemoteSwiftPackageReference "GoogleSignIn-iOS" */,
			);
			preferredProjectObjectVersion = 77;
			productRefGroup = 082495882D4630C3007C06F8 /* Products */;
			projectDirPath = "";
			projectRoot = "";
			targets = (
				082495862D4630C3007C06F8 /* Digly */,
				082495962D4630C5007C06F8 /* DiglyTests */,
				082495A02D4630C5007C06F8 /* DiglyUITests */,
			);
		};
/* End PBXProject section */

/* Begin PBXResourcesBuildPhase section */
		082495852D4630C3007C06F8 /* Resources */ = {
			isa = PBXResourcesBuildPhase;
			buildActionMask = 2147483647;
			files = (
			);
			runOnlyForDeploymentPostprocessing = 0;
		};
		082495952D4630C5007C06F8 /* Resources */ = {
			isa = PBXResourcesBuildPhase;
			buildActionMask = 2147483647;
			files = (
			);
			runOnlyForDeploymentPostprocessing = 0;
		};
		0824959F2D4630C5007C06F8 /* Resources */ = {
			isa = PBXResourcesBuildPhase;
			buildActionMask = 2147483647;
			files = (
			);
			runOnlyForDeploymentPostprocessing = 0;
		};
/* End PBXResourcesBuildPhase section */

/* Begin PBXSourcesBuildPhase section */
		082495832D4630C3007C06F8 /* Sources */ = {
			isa = PBXSourcesBuildPhase;
			buildActionMask = 2147483647;
			files = (
			);
			runOnlyForDeploymentPostprocessing = 0;
		};
		082495932D4630C5007C06F8 /* Sources */ = {
			isa = PBXSourcesBuildPhase;
			buildActionMask = 2147483647;
			files = (
			);
			runOnlyForDeploymentPostprocessing = 0;
		};
		0824959D2D4630C5007C06F8 /* Sources */ = {
			isa = PBXSourcesBuildPhase;
			buildActionMask = 2147483647;
			files = (
			);
			runOnlyForDeploymentPostprocessing = 0;
		};
/* End PBXSourcesBuildPhase section */

/* Begin PBXTargetDependency section */
		082495992D4630C5007C06F8 /* PBXTargetDependency */ = {
			isa = PBXTargetDependency;
			target = 082495862D4630C3007C06F8 /* Digly */;
			targetProxy = 082495982D4630C5007C06F8 /* PBXContainerItemProxy */;
		};
		082495A32D4630C5007C06F8 /* PBXTargetDependency */ = {
			isa = PBXTargetDependency;
			target = 082495862D4630C3007C06F8 /* Digly */;
			targetProxy = 082495A22D4630C5007C06F8 /* PBXContainerItemProxy */;
		};
/* End PBXTargetDependency section */

/* Begin XCBuildConfiguration section */
		082495A92D4630C5007C06F8 /* Debug */ = {
			isa = XCBuildConfiguration;
			buildSettings = {
				ALWAYS_SEARCH_USER_PATHS = NO;
				ASSETCATALOG_COMPILER_GENERATE_SWIFT_ASSET_SYMBOL_EXTENSIONS = YES;
				CLANG_ANALYZER_NONNULL = YES;
				CLANG_ANALYZER_NUMBER_OBJECT_CONVERSION = YES_AGGRESSIVE;
				CLANG_CXX_LANGUAGE_STANDARD = "gnu++20";
				CLANG_ENABLE_MODULES = YES;
				CLANG_ENABLE_OBJC_ARC = YES;
				CLANG_ENABLE_OBJC_WEAK = YES;
				CLANG_WARN_BLOCK_CAPTURE_AUTORELEASING = YES;
				CLANG_WARN_BOOL_CONVERSION = YES;
				CLANG_WARN_COMMA = YES;
				CLANG_WARN_CONSTANT_CONVERSION = YES;
				CLANG_WARN_DEPRECATED_OBJC_IMPLEMENTATIONS = YES;
				CLANG_WARN_DIRECT_OBJC_ISA_USAGE = YES_ERROR;
				CLANG_WARN_DOCUMENTATION_COMMENTS = YES;
				CLANG_WARN_EMPTY_BODY = YES;
				CLANG_WARN_ENUM_CONVERSION = YES;
				CLANG_WARN_INFINITE_RECURSION = YES;
				CLANG_WARN_INT_CONVERSION = YES;
				CLANG_WARN_NON_LITERAL_NULL_CONVERSION = YES;
				CLANG_WARN_OBJC_IMPLICIT_RETAIN_SELF = YES;
				CLANG_WARN_OBJC_LITERAL_CONVERSION = YES;
				CLANG_WARN_OBJC_ROOT_CLASS = YES_ERROR;
				CLANG_WARN_QUOTED_INCLUDE_IN_FRAMEWORK_HEADER = YES;
				CLANG_WARN_RANGE_LOOP_ANALYSIS = YES;
				CLANG_WARN_STRICT_PROTOTYPES = YES;
				CLANG_WARN_SUSPICIOUS_MOVE = YES;
				CLANG_WARN_UNGUARDED_AVAILABILITY = YES_AGGRESSIVE;
				CLANG_WARN_UNREACHABLE_CODE = YES;
				CLANG_WARN__DUPLICATE_METHOD_MATCH = YES;
				COPY_PHASE_STRIP = NO;
				DEBUG_INFORMATION_FORMAT = dwarf;
				ENABLE_STRICT_OBJC_MSGSEND = YES;
				ENABLE_TESTABILITY = YES;
				ENABLE_USER_SCRIPT_SANDBOXING = YES;
				GCC_C_LANGUAGE_STANDARD = gnu17;
				GCC_DYNAMIC_NO_PIC = NO;
				GCC_NO_COMMON_BLOCKS = YES;
				GCC_OPTIMIZATION_LEVEL = 0;
				GCC_PREPROCESSOR_DEFINITIONS = (
					"DEBUG=1",
					"$(inherited)",
				);
				GCC_WARN_64_TO_32_BIT_CONVERSION = YES;
				GCC_WARN_ABOUT_RETURN_TYPE = YES_ERROR;
				GCC_WARN_UNDECLARED_SELECTOR = YES;
				GCC_WARN_UNINITIALIZED_AUTOS = YES_AGGRESSIVE;
				GCC_WARN_UNUSED_FUNCTION = YES;
				GCC_WARN_UNUSED_VARIABLE = YES;
				IPHONEOS_DEPLOYMENT_TARGET = 18.2;
				LOCALIZATION_PREFERS_STRING_CATALOGS = YES;
				MTL_ENABLE_DEBUG_INFO = INCLUDE_SOURCE;
				MTL_FAST_MATH = YES;
				ONLY_ACTIVE_ARCH = YES;
				SDKROOT = iphoneos;
				SWIFT_ACTIVE_COMPILATION_CONDITIONS = "DEBUG $(inherited)";
				SWIFT_OPTIMIZATION_LEVEL = "-Onone";
			};
			name = Debug;
		};
		082495AA2D4630C5007C06F8 /* Release */ = {
			isa = XCBuildConfiguration;
			buildSettings = {
				ALWAYS_SEARCH_USER_PATHS = NO;
				ASSETCATALOG_COMPILER_GENERATE_SWIFT_ASSET_SYMBOL_EXTENSIONS = YES;
				CLANG_ANALYZER_NONNULL = YES;
				CLANG_ANALYZER_NUMBER_OBJECT_CONVERSION = YES_AGGRESSIVE;
				CLANG_CXX_LANGUAGE_STANDARD = "gnu++20";
				CLANG_ENABLE_MODULES = YES;
				CLANG_ENABLE_OBJC_ARC = YES;
				CLANG_ENABLE_OBJC_WEAK = YES;
				CLANG_WARN_BLOCK_CAPTURE_AUTORELEASING = YES;
				CLANG_WARN_BOOL_CONVERSION = YES;
				CLANG_WARN_COMMA = YES;
				CLANG_WARN_CONSTANT_CONVERSION = YES;
				CLANG_WARN_DEPRECATED_OBJC_IMPLEMENTATIONS = YES;
				CLANG_WARN_DIRECT_OBJC_ISA_USAGE = YES_ERROR;
				CLANG_WARN_DOCUMENTATION_COMMENTS = YES;
				CLANG_WARN_EMPTY_BODY = YES;
				CLANG_WARN_ENUM_CONVERSION = YES;
				CLANG_WARN_INFINITE_RECURSION = YES;
				CLANG_WARN_INT_CONVERSION = YES;
				CLANG_WARN_NON_LITERAL_NULL_CONVERSION = YES;
				CLANG_WARN_OBJC_IMPLICIT_RETAIN_SELF = YES;
				CLANG_WARN_OBJC_LITERAL_CONVERSION = YES;
				CLANG_WARN_OBJC_ROOT_CLASS = YES_ERROR;
				CLANG_WARN_QUOTED_INCLUDE_IN_FRAMEWORK_HEADER = YES;
				CLANG_WARN_RANGE_LOOP_ANALYSIS = YES;
				CLANG_WARN_STRICT_PROTOTYPES = YES;
				CLANG_WARN_SUSPICIOUS_MOVE = YES;
				CLANG_WARN_UNGUARDED_AVAILABILITY = YES_AGGRESSIVE;
				CLANG_WARN_UNREACHABLE_CODE = YES;
				CLANG_WARN__DUPLICATE_METHOD_MATCH = YES;
				COPY_PHASE_STRIP = NO;
				DEBUG_INFORMATION_FORMAT = "dwarf-with-dsym";
				ENABLE_NS_ASSERTIONS = NO;
				ENABLE_STRICT_OBJC_MSGSEND = YES;
				ENABLE_USER_SCRIPT_SANDBOXING = YES;
				GCC_C_LANGUAGE_STANDARD = gnu17;
				GCC_NO_COMMON_BLOCKS = YES;
				GCC_WARN_64_TO_32_BIT_CONVERSION = YES;
				GCC_WARN_ABOUT_RETURN_TYPE = YES_ERROR;
				GCC_WARN_UNDECLARED_SELECTOR = YES;
				GCC_WARN_UNINITIALIZED_AUTOS = YES_AGGRESSIVE;
				GCC_WARN_UNUSED_FUNCTION = YES;
				GCC_WARN_UNUSED_VARIABLE = YES;
				IPHONEOS_DEPLOYMENT_TARGET = 18.2;
				LOCALIZATION_PREFERS_STRING_CATALOGS = YES;
				MTL_ENABLE_DEBUG_INFO = NO;
				MTL_FAST_MATH = YES;
				SDKROOT = iphoneos;
				SWIFT_COMPILATION_MODE = wholemodule;
				VALIDATE_PRODUCT = YES;
			};
			name = Release;
		};
		082495AC2D4630C5007C06F8 /* Debug */ = {
			isa = XCBuildConfiguration;
			buildSettings = {
				ASSETCATALOG_COMPILER_APPICON_NAME = AppIcon;
				ASSETCATALOG_COMPILER_GLOBAL_ACCENT_COLOR_NAME = AccentColor;
				CODE_SIGN_STYLE = Automatic;
				CURRENT_PROJECT_VERSION = 1;
				DEVELOPMENT_ASSET_PATHS = "\"Digly/Preview Content\"";
				DEVELOPMENT_TEAM = H856SYKNM8;
				ENABLE_PREVIEWS = YES;
				GENERATE_INFOPLIST_FILE = YES;
				INFOPLIST_FILE = Digly/Info.plist;
				INFOPLIST_KEY_UIApplicationSceneManifest_Generation = YES;
				INFOPLIST_KEY_UIApplicationSupportsIndirectInputEvents = YES;
				INFOPLIST_KEY_UILaunchScreen_Generation = YES;
				INFOPLIST_KEY_UISupportedInterfaceOrientations_iPad = "UIInterfaceOrientationPortrait UIInterfaceOrientationPortraitUpsideDown UIInterfaceOrientationLandscapeLeft UIInterfaceOrientationLandscapeRight";
				INFOPLIST_KEY_UISupportedInterfaceOrientations_iPhone = "UIInterfaceOrientationPortrait UIInterfaceOrientationLandscapeLeft UIInterfaceOrientationLandscapeRight";
				LD_RUNPATH_SEARCH_PATHS = (
					"$(inherited)",
					"@executable_path/Frameworks",
				);
				MARKETING_VERSION = 1.0;
				PRODUCT_BUNDLE_IDENTIFIER = com.teamDigly.digly;
				PRODUCT_NAME = "$(TARGET_NAME)";
				SWIFT_EMIT_LOC_STRINGS = YES;
				SWIFT_VERSION = 5.0;
				TARGETED_DEVICE_FAMILY = "1,2";
			};
			name = Debug;
		};
		082495AD2D4630C5007C06F8 /* Release */ = {
			isa = XCBuildConfiguration;
			buildSettings = {
				ASSETCATALOG_COMPILER_APPICON_NAME = AppIcon;
				ASSETCATALOG_COMPILER_GLOBAL_ACCENT_COLOR_NAME = AccentColor;
				CODE_SIGN_STYLE = Automatic;
				CURRENT_PROJECT_VERSION = 1;
				DEVELOPMENT_ASSET_PATHS = "\"Digly/Preview Content\"";
				DEVELOPMENT_TEAM = H856SYKNM8;
				ENABLE_PREVIEWS = YES;
				GENERATE_INFOPLIST_FILE = YES;
				INFOPLIST_FILE = Digly/Info.plist;
				INFOPLIST_KEY_UIApplicationSceneManifest_Generation = YES;
				INFOPLIST_KEY_UIApplicationSupportsIndirectInputEvents = YES;
				INFOPLIST_KEY_UILaunchScreen_Generation = YES;
				INFOPLIST_KEY_UISupportedInterfaceOrientations_iPad = "UIInterfaceOrientationPortrait UIInterfaceOrientationPortraitUpsideDown UIInterfaceOrientationLandscapeLeft UIInterfaceOrientationLandscapeRight";
				INFOPLIST_KEY_UISupportedInterfaceOrientations_iPhone = "UIInterfaceOrientationPortrait UIInterfaceOrientationLandscapeLeft UIInterfaceOrientationLandscapeRight";
				LD_RUNPATH_SEARCH_PATHS = (
					"$(inherited)",
					"@executable_path/Frameworks",
				);
				MARKETING_VERSION = 1.0;
				PRODUCT_BUNDLE_IDENTIFIER = com.teamDigly.digly;
				PRODUCT_NAME = "$(TARGET_NAME)";
				SWIFT_EMIT_LOC_STRINGS = YES;
				SWIFT_VERSION = 5.0;
				TARGETED_DEVICE_FAMILY = "1,2";
			};
			name = Release;
		};
		082495AF2D4630C5007C06F8 /* Debug */ = {
			isa = XCBuildConfiguration;
			buildSettings = {
				BUNDLE_LOADER = "$(TEST_HOST)";
				CODE_SIGN_STYLE = Automatic;
				CURRENT_PROJECT_VERSION = 1;
				DEVELOPMENT_TEAM = 2Q4V2LFG28;
				GENERATE_INFOPLIST_FILE = YES;
				IPHONEOS_DEPLOYMENT_TARGET = 18.2;
				MARKETING_VERSION = 1.0;
				PRODUCT_BUNDLE_IDENTIFIER = com.DiglyTeam.DiglyTests;
				PRODUCT_NAME = "$(TARGET_NAME)";
				SWIFT_EMIT_LOC_STRINGS = NO;
				SWIFT_VERSION = 5.0;
				TARGETED_DEVICE_FAMILY = "1,2";
				TEST_HOST = "$(BUILT_PRODUCTS_DIR)/Digly.app/$(BUNDLE_EXECUTABLE_FOLDER_PATH)/Digly";
			};
			name = Debug;
		};
		082495B02D4630C5007C06F8 /* Release */ = {
			isa = XCBuildConfiguration;
			buildSettings = {
				BUNDLE_LOADER = "$(TEST_HOST)";
				CODE_SIGN_STYLE = Automatic;
				CURRENT_PROJECT_VERSION = 1;
				DEVELOPMENT_TEAM = 2Q4V2LFG28;
				GENERATE_INFOPLIST_FILE = YES;
				IPHONEOS_DEPLOYMENT_TARGET = 18.2;
				MARKETING_VERSION = 1.0;
				PRODUCT_BUNDLE_IDENTIFIER = com.DiglyTeam.DiglyTests;
				PRODUCT_NAME = "$(TARGET_NAME)";
				SWIFT_EMIT_LOC_STRINGS = NO;
				SWIFT_VERSION = 5.0;
				TARGETED_DEVICE_FAMILY = "1,2";
				TEST_HOST = "$(BUILT_PRODUCTS_DIR)/Digly.app/$(BUNDLE_EXECUTABLE_FOLDER_PATH)/Digly";
			};
			name = Release;
		};
		082495B22D4630C5007C06F8 /* Debug */ = {
			isa = XCBuildConfiguration;
			buildSettings = {
				CODE_SIGN_STYLE = Automatic;
				CURRENT_PROJECT_VERSION = 1;
				DEVELOPMENT_TEAM = 2Q4V2LFG28;
				GENERATE_INFOPLIST_FILE = YES;
				MARKETING_VERSION = 1.0;
				PRODUCT_BUNDLE_IDENTIFIER = com.DiglyTeam.DiglyUITests;
				PRODUCT_NAME = "$(TARGET_NAME)";
				SWIFT_EMIT_LOC_STRINGS = NO;
				SWIFT_VERSION = 5.0;
				TARGETED_DEVICE_FAMILY = "1,2";
				TEST_TARGET_NAME = Digly;
			};
			name = Debug;
		};
		082495B32D4630C5007C06F8 /* Release */ = {
			isa = XCBuildConfiguration;
			buildSettings = {
				CODE_SIGN_STYLE = Automatic;
				CURRENT_PROJECT_VERSION = 1;
				DEVELOPMENT_TEAM = 2Q4V2LFG28;
				GENERATE_INFOPLIST_FILE = YES;
				MARKETING_VERSION = 1.0;
				PRODUCT_BUNDLE_IDENTIFIER = com.DiglyTeam.DiglyUITests;
				PRODUCT_NAME = "$(TARGET_NAME)";
				SWIFT_EMIT_LOC_STRINGS = NO;
				SWIFT_VERSION = 5.0;
				TARGETED_DEVICE_FAMILY = "1,2";
				TEST_TARGET_NAME = Digly;
			};
			name = Release;
		};
/* End XCBuildConfiguration section */

/* Begin XCConfigurationList section */
		082495822D4630C3007C06F8 /* Build configuration list for PBXProject "digly" */ = {
			isa = XCConfigurationList;
			buildConfigurations = (
				082495A92D4630C5007C06F8 /* Debug */,
				082495AA2D4630C5007C06F8 /* Release */,
			);
			defaultConfigurationIsVisible = 0;
			defaultConfigurationName = Release;
		};
		082495AB2D4630C5007C06F8 /* Build configuration list for PBXNativeTarget "Digly" */ = {
			isa = XCConfigurationList;
			buildConfigurations = (
				082495AC2D4630C5007C06F8 /* Debug */,
				082495AD2D4630C5007C06F8 /* Release */,
			);
			defaultConfigurationIsVisible = 0;
			defaultConfigurationName = Release;
		};
		082495AE2D4630C5007C06F8 /* Build configuration list for PBXNativeTarget "DiglyTests" */ = {
			isa = XCConfigurationList;
			buildConfigurations = (
				082495AF2D4630C5007C06F8 /* Debug */,
				082495B02D4630C5007C06F8 /* Release */,
			);
			defaultConfigurationIsVisible = 0;
			defaultConfigurationName = Release;
		};
		082495B12D4630C5007C06F8 /* Build configuration list for PBXNativeTarget "DiglyUITests" */ = {
			isa = XCConfigurationList;
			buildConfigurations = (
				082495B22D4630C5007C06F8 /* Debug */,
				082495B32D4630C5007C06F8 /* Release */,
			);
			defaultConfigurationIsVisible = 0;
			defaultConfigurationName = Release;
		};
/* End XCConfigurationList section */

/* Begin XCRemoteSwiftPackageReference section */
		0824969D2D4636D8007C06F8 /* XCRemoteSwiftPackageReference "firebase-ios-sdk" */ = {
			isa = XCRemoteSwiftPackageReference;
			repositoryURL = "https://github.com/firebase/firebase-ios-sdk.git";
			requirement = {
				kind = upToNextMajorVersion;
				minimumVersion = 11.7.0;
			};
		};
		082496B22D46370E007C06F8 /* XCRemoteSwiftPackageReference "GoogleSignIn-iOS" */ = {
			isa = XCRemoteSwiftPackageReference;
			repositoryURL = "https://github.com/google/GoogleSignIn-iOS.git";
			requirement = {
				kind = upToNextMajorVersion;
				minimumVersion = 8.0.0;
			};
		};
/* End XCRemoteSwiftPackageReference section */

/* Begin XCSwiftPackageProductDependency section */
		0824969E2D4636D8007C06F8 /* FirebaseAnalytics */ = {
			isa = XCSwiftPackageProductDependency;
			package = 0824969D2D4636D8007C06F8 /* XCRemoteSwiftPackageReference "firebase-ios-sdk" */;
			productName = FirebaseAnalytics;
		};
		082496A02D4636D8007C06F8 /* FirebaseAppCheck */ = {
			isa = XCSwiftPackageProductDependency;
			package = 0824969D2D4636D8007C06F8 /* XCRemoteSwiftPackageReference "firebase-ios-sdk" */;
			productName = FirebaseAppCheck;
		};
		082496A22D4636D8007C06F8 /* FirebaseAuth */ = {
			isa = XCSwiftPackageProductDependency;
			package = 0824969D2D4636D8007C06F8 /* XCRemoteSwiftPackageReference "firebase-ios-sdk" */;
			productName = FirebaseAuth;
		};
		082496A42D4636D8007C06F8 /* FirebaseCore */ = {
			isa = XCSwiftPackageProductDependency;
			package = 0824969D2D4636D8007C06F8 /* XCRemoteSwiftPackageReference "firebase-ios-sdk" */;
			productName = FirebaseCore;
		};
		082496A62D4636D8007C06F8 /* FirebaseCrashlytics */ = {
			isa = XCSwiftPackageProductDependency;
			package = 0824969D2D4636D8007C06F8 /* XCRemoteSwiftPackageReference "firebase-ios-sdk" */;
			productName = FirebaseCrashlytics;
		};
		082496A82D4636D8007C06F8 /* FirebaseDatabase */ = {
			isa = XCSwiftPackageProductDependency;
			package = 0824969D2D4636D8007C06F8 /* XCRemoteSwiftPackageReference "firebase-ios-sdk" */;
			productName = FirebaseDatabase;
		};
		082496AA2D4636D8007C06F8 /* FirebaseFirestore */ = {
			isa = XCSwiftPackageProductDependency;
			package = 0824969D2D4636D8007C06F8 /* XCRemoteSwiftPackageReference "firebase-ios-sdk" */;
			productName = FirebaseFirestore;
		};
		082496AC2D4636D8007C06F8 /* FirebaseInAppMessaging-Beta */ = {
			isa = XCSwiftPackageProductDependency;
			package = 0824969D2D4636D8007C06F8 /* XCRemoteSwiftPackageReference "firebase-ios-sdk" */;
			productName = "FirebaseInAppMessaging-Beta";
		};
		082496AE2D4636D8007C06F8 /* FirebaseMessaging */ = {
			isa = XCSwiftPackageProductDependency;
			package = 0824969D2D4636D8007C06F8 /* XCRemoteSwiftPackageReference "firebase-ios-sdk" */;
			productName = FirebaseMessaging;
		};
		082496B02D4636D8007C06F8 /* FirebaseStorage */ = {
			isa = XCSwiftPackageProductDependency;
			package = 0824969D2D4636D8007C06F8 /* XCRemoteSwiftPackageReference "firebase-ios-sdk" */;
			productName = FirebaseStorage;
		};
		082496B32D46370E007C06F8 /* GoogleSignIn */ = {
			isa = XCSwiftPackageProductDependency;
			package = 082496B22D46370E007C06F8 /* XCRemoteSwiftPackageReference "GoogleSignIn-iOS" */;
			productName = GoogleSignIn;
		};
		082496B52D46370E007C06F8 /* GoogleSignInSwift */ = {
			isa = XCSwiftPackageProductDependency;
			package = 082496B22D46370E007C06F8 /* XCRemoteSwiftPackageReference "GoogleSignIn-iOS" */;
			productName = GoogleSignInSwift;
		};
/* End XCSwiftPackageProductDependency section */
	};
	rootObject = 0824957F2D4630C3007C06F8 /* Project object */;
}
