// !$*UTF8*$!
{
	archiveVersion = 1;
	classes = {
	};
	objectVersion = 77;
	objects = {

/* Begin PBXBuildFile section */
		AB9148A12CB6832200454750 /* GoogleSignIn in Frameworks */ = {isa = PBXBuildFile; productRef = AB9148A02CB6832200454750 /* GoogleSignIn */; };
		AB9148A42CB6834B00454750 /* Alamofire in Frameworks */ = {isa = PBXBuildFile; productRef = AB9148A32CB6834B00454750 /* Alamofire */; };
		ABBFA5872CB6886D001BA1E2 /* watchDigly Watch App.app in Embed Watch Content */ = {isa = PBXBuildFile; fileRef = ABBFA5642CB6886C001BA1E2 /* watchDigly Watch App.app */; settings = {ATTRIBUTES = (RemoveHeadersOnCopy, ); }; };
		E5084DC52CC105D000E4F874 /* WatchConnectivityManager.swift in Sources */ = {isa = PBXBuildFile; fileRef = E5084DC42CC105C500E4F874 /* WatchConnectivityManager.swift */; };
		E5084DC72CC1E81000E4F874 /* WatchConnectivityManager.swift in Sources */ = {isa = PBXBuildFile; fileRef = E5084DC42CC105C500E4F874 /* WatchConnectivityManager.swift */; };
		E5B7BE1C2CC0B19800CBFE0B /* Alamofire in Frameworks */ = {isa = PBXBuildFile; productRef = E5B7BE1B2CC0B19800CBFE0B /* Alamofire */; };
		E5D29F302CC0E1E100427849 /* .gitignore in Resources */ = {isa = PBXBuildFile; fileRef = E5D29F2F2CC0E1DC00427849 /* .gitignore */; };
/* End PBXBuildFile section */

/* Begin PBXContainerItemProxy section */
		AB9148812CB681DF00454750 /* PBXContainerItemProxy */ = {
			isa = PBXContainerItemProxy;
			containerPortal = AB9148682CB681DE00454750 /* Project object */;
			proxyType = 1;
			remoteGlobalIDString = AB91486F2CB681DE00454750;
			remoteInfo = digly;
		};
		AB91488B2CB681DF00454750 /* PBXContainerItemProxy */ = {
			isa = PBXContainerItemProxy;
			containerPortal = AB9148682CB681DE00454750 /* Project object */;
			proxyType = 1;
			remoteGlobalIDString = AB91486F2CB681DE00454750;
			remoteInfo = digly;
		};
		ABBFA5742CB6886D001BA1E2 /* PBXContainerItemProxy */ = {
			isa = PBXContainerItemProxy;
			containerPortal = AB9148682CB681DE00454750 /* Project object */;
			proxyType = 1;
			remoteGlobalIDString = ABBFA5632CB6886C001BA1E2;
			remoteInfo = "watchDigly Watch App";
		};
		ABBFA57E2CB6886D001BA1E2 /* PBXContainerItemProxy */ = {
			isa = PBXContainerItemProxy;
			containerPortal = AB9148682CB681DE00454750 /* Project object */;
			proxyType = 1;
			remoteGlobalIDString = ABBFA5632CB6886C001BA1E2;
			remoteInfo = "watchDigly Watch App";
		};
		ABBFA5852CB6886D001BA1E2 /* PBXContainerItemProxy */ = {
			isa = PBXContainerItemProxy;
			containerPortal = AB9148682CB681DE00454750 /* Project object */;
			proxyType = 1;
			remoteGlobalIDString = ABBFA5632CB6886C001BA1E2;
			remoteInfo = "watchDigly Watch App";
		};
/* End PBXContainerItemProxy section */

/* Begin PBXCopyFilesBuildPhase section */
		ABBFA5882CB6886D001BA1E2 /* Embed Watch Content */ = {
			isa = PBXCopyFilesBuildPhase;
			buildActionMask = 2147483647;
			dstPath = "$(CONTENTS_FOLDER_PATH)/Watch";
			dstSubfolderSpec = 16;
			files = (
				ABBFA5872CB6886D001BA1E2 /* watchDigly Watch App.app in Embed Watch Content */,
			);
			name = "Embed Watch Content";
			runOnlyForDeploymentPostprocessing = 0;
		};
/* End PBXCopyFilesBuildPhase section */

/* Begin PBXFileReference section */
		AB9148702CB681DE00454750 /* digly.app */ = {isa = PBXFileReference; explicitFileType = wrapper.application; includeInIndex = 0; path = digly.app; sourceTree = BUILT_PRODUCTS_DIR; };
		AB9148802CB681DF00454750 /* diglyTests.xctest */ = {isa = PBXFileReference; explicitFileType = wrapper.cfbundle; includeInIndex = 0; path = diglyTests.xctest; sourceTree = BUILT_PRODUCTS_DIR; };
		AB91488A2CB681DF00454750 /* diglyUITests.xctest */ = {isa = PBXFileReference; explicitFileType = wrapper.cfbundle; includeInIndex = 0; path = diglyUITests.xctest; sourceTree = BUILT_PRODUCTS_DIR; };
		ABBFA5642CB6886C001BA1E2 /* watchDigly Watch App.app */ = {isa = PBXFileReference; explicitFileType = wrapper.application; includeInIndex = 0; path = "watchDigly Watch App.app"; sourceTree = BUILT_PRODUCTS_DIR; };
		ABBFA5732CB6886D001BA1E2 /* watchDigly Watch AppTests.xctest */ = {isa = PBXFileReference; explicitFileType = wrapper.cfbundle; includeInIndex = 0; path = "watchDigly Watch AppTests.xctest"; sourceTree = BUILT_PRODUCTS_DIR; };
		ABBFA57D2CB6886D001BA1E2 /* watchDigly Watch AppUITests.xctest */ = {isa = PBXFileReference; explicitFileType = wrapper.cfbundle; includeInIndex = 0; path = "watchDigly Watch AppUITests.xctest"; sourceTree = BUILT_PRODUCTS_DIR; };
		E5084DC42CC105C500E4F874 /* WatchConnectivityManager.swift */ = {isa = PBXFileReference; lastKnownFileType = sourcecode.swift; path = WatchConnectivityManager.swift; sourceTree = "<group>"; };
		E5D29F2F2CC0E1DC00427849 /* .gitignore */ = {isa = PBXFileReference; lastKnownFileType = text; path = .gitignore; sourceTree = "<group>"; };
/* End PBXFileReference section */

/* Begin PBXFileSystemSynchronizedBuildFileExceptionSet section */
		E5B7BE202CC0DD0700CBFE0B /* Exceptions for "digly" folder in "digly" target */ = {
			isa = PBXFileSystemSynchronizedBuildFileExceptionSet;
			membershipExceptions = (
				Info.plist,
			);
			target = AB91486F2CB681DE00454750 /* digly */;
		};
		E5D4DD252CBCEB56004C816B /* Exceptions for "digly" folder in "watchDigly Watch App" target */ = {
			isa = PBXFileSystemSynchronizedBuildFileExceptionSet;
			membershipExceptions = (
				"Font/Pretendard-SemiBold.otf",
			);
			target = ABBFA5632CB6886C001BA1E2 /* watchDigly Watch App */;
		};
/* End PBXFileSystemSynchronizedBuildFileExceptionSet section */

/* Begin PBXFileSystemSynchronizedRootGroup section */
		AB9148722CB681DE00454750 /* digly */ = {
			isa = PBXFileSystemSynchronizedRootGroup;
			exceptions = (
				E5B7BE202CC0DD0700CBFE0B /* Exceptions for "digly" folder in "digly" target */,
				E5D4DD252CBCEB56004C816B /* Exceptions for "digly" folder in "watchDigly Watch App" target */,
			);
			path = digly;
			sourceTree = "<group>";
		};
		ABBFA5652CB6886C001BA1E2 /* watchDigly Watch App */ = {
			isa = PBXFileSystemSynchronizedRootGroup;
			path = "watchDigly Watch App";
			sourceTree = "<group>";
		};
		ABBFA5762CB6886D001BA1E2 /* watchDigly Watch AppTests */ = {
			isa = PBXFileSystemSynchronizedRootGroup;
			path = "watchDigly Watch AppTests";
			sourceTree = "<group>";
		};
		ABBFA5802CB6886D001BA1E2 /* watchDigly Watch AppUITests */ = {
			isa = PBXFileSystemSynchronizedRootGroup;
			path = "watchDigly Watch AppUITests";
			sourceTree = "<group>";
		};
/* End PBXFileSystemSynchronizedRootGroup section */

/* Begin PBXFrameworksBuildPhase section */
		AB91486D2CB681DE00454750 /* Frameworks */ = {
			isa = PBXFrameworksBuildPhase;
			buildActionMask = 2147483647;
			files = (
				AB9148A12CB6832200454750 /* GoogleSignIn in Frameworks */,
				AB9148A42CB6834B00454750 /* Alamofire in Frameworks */,
			);
			runOnlyForDeploymentPostprocessing = 0;
		};
		AB91487D2CB681DF00454750 /* Frameworks */ = {
			isa = PBXFrameworksBuildPhase;
			buildActionMask = 2147483647;
			files = (
			);
			runOnlyForDeploymentPostprocessing = 0;
		};
		AB9148872CB681DF00454750 /* Frameworks */ = {
			isa = PBXFrameworksBuildPhase;
			buildActionMask = 2147483647;
			files = (
			);
			runOnlyForDeploymentPostprocessing = 0;
		};
		ABBFA5612CB6886C001BA1E2 /* Frameworks */ = {
			isa = PBXFrameworksBuildPhase;
			buildActionMask = 2147483647;
			files = (
				E5B7BE1C2CC0B19800CBFE0B /* Alamofire in Frameworks */,
			);
			runOnlyForDeploymentPostprocessing = 0;
		};
		ABBFA5702CB6886D001BA1E2 /* Frameworks */ = {
			isa = PBXFrameworksBuildPhase;
			buildActionMask = 2147483647;
			files = (
			);
			runOnlyForDeploymentPostprocessing = 0;
		};
		ABBFA57A2CB6886D001BA1E2 /* Frameworks */ = {
			isa = PBXFrameworksBuildPhase;
			buildActionMask = 2147483647;
			files = (
			);
			runOnlyForDeploymentPostprocessing = 0;
		};
/* End PBXFrameworksBuildPhase section */

/* Begin PBXGroup section */
		AB9148672CB681DE00454750 = {
			isa = PBXGroup;
			children = (
				E5084DC42CC105C500E4F874 /* WatchConnectivityManager.swift */,
				E5D29F2F2CC0E1DC00427849 /* .gitignore */,
				AB9148722CB681DE00454750 /* digly */,
				ABBFA5652CB6886C001BA1E2 /* watchDigly Watch App */,
				ABBFA5762CB6886D001BA1E2 /* watchDigly Watch AppTests */,
				ABBFA5802CB6886D001BA1E2 /* watchDigly Watch AppUITests */,
				E5B7BE1A2CC0B19800CBFE0B /* Frameworks */,
				AB9148712CB681DE00454750 /* Products */,
			);
			sourceTree = "<group>";
		};
		AB9148712CB681DE00454750 /* Products */ = {
			isa = PBXGroup;
			children = (
				AB9148702CB681DE00454750 /* digly.app */,
				AB9148802CB681DF00454750 /* diglyTests.xctest */,
				AB91488A2CB681DF00454750 /* diglyUITests.xctest */,
				ABBFA5642CB6886C001BA1E2 /* watchDigly Watch App.app */,
				ABBFA5732CB6886D001BA1E2 /* watchDigly Watch AppTests.xctest */,
				ABBFA57D2CB6886D001BA1E2 /* watchDigly Watch AppUITests.xctest */,
			);
			name = Products;
			sourceTree = "<group>";
		};
		E5B7BE1A2CC0B19800CBFE0B /* Frameworks */ = {
			isa = PBXGroup;
			children = (
			);
			name = Frameworks;
			sourceTree = "<group>";
		};
/* End PBXGroup section */

/* Begin PBXNativeTarget section */
		AB91486F2CB681DE00454750 /* digly */ = {
			isa = PBXNativeTarget;
			buildConfigurationList = AB9148942CB681DF00454750 /* Build configuration list for PBXNativeTarget "digly" */;
			buildPhases = (
				AB91486C2CB681DE00454750 /* Sources */,
				AB91486D2CB681DE00454750 /* Frameworks */,
				AB91486E2CB681DE00454750 /* Resources */,
				ABBFA5882CB6886D001BA1E2 /* Embed Watch Content */,
			);
			buildRules = (
			);
			dependencies = (
				ABBFA5862CB6886D001BA1E2 /* PBXTargetDependency */,
			);
			fileSystemSynchronizedGroups = (
				AB9148722CB681DE00454750 /* digly */,
			);
			name = digly;
			packageProductDependencies = (
				AB9148A02CB6832200454750 /* GoogleSignIn */,
				AB9148A32CB6834B00454750 /* Alamofire */,
			);
			productName = digly;
			productReference = AB9148702CB681DE00454750 /* digly.app */;
			productType = "com.apple.product-type.application";
		};
		AB91487F2CB681DF00454750 /* diglyTests */ = {
			isa = PBXNativeTarget;
			buildConfigurationList = AB9148972CB681DF00454750 /* Build configuration list for PBXNativeTarget "diglyTests" */;
			buildPhases = (
				AB91487C2CB681DF00454750 /* Sources */,
				AB91487D2CB681DF00454750 /* Frameworks */,
				AB91487E2CB681DF00454750 /* Resources */,
			);
			buildRules = (
			);
			dependencies = (
				AB9148822CB681DF00454750 /* PBXTargetDependency */,
			);
			name = diglyTests;
			packageProductDependencies = (
			);
			productName = diglyTests;
			productReference = AB9148802CB681DF00454750 /* diglyTests.xctest */;
			productType = "com.apple.product-type.bundle.unit-test";
		};
		AB9148892CB681DF00454750 /* diglyUITests */ = {
			isa = PBXNativeTarget;
			buildConfigurationList = AB91489A2CB681DF00454750 /* Build configuration list for PBXNativeTarget "diglyUITests" */;
			buildPhases = (
				AB9148862CB681DF00454750 /* Sources */,
				AB9148872CB681DF00454750 /* Frameworks */,
				AB9148882CB681DF00454750 /* Resources */,
			);
			buildRules = (
			);
			dependencies = (
				AB91488C2CB681DF00454750 /* PBXTargetDependency */,
			);
			name = diglyUITests;
			packageProductDependencies = (
			);
			productName = diglyUITests;
			productReference = AB91488A2CB681DF00454750 /* diglyUITests.xctest */;
			productType = "com.apple.product-type.bundle.ui-testing";
		};
		ABBFA5632CB6886C001BA1E2 /* watchDigly Watch App */ = {
			isa = PBXNativeTarget;
			buildConfigurationList = ABBFA58F2CB6886D001BA1E2 /* Build configuration list for PBXNativeTarget "watchDigly Watch App" */;
			buildPhases = (
				ABBFA5602CB6886C001BA1E2 /* Sources */,
				ABBFA5612CB6886C001BA1E2 /* Frameworks */,
				ABBFA5622CB6886C001BA1E2 /* Resources */,
			);
			buildRules = (
			);
			dependencies = (
			);
			fileSystemSynchronizedGroups = (
				ABBFA5652CB6886C001BA1E2 /* watchDigly Watch App */,
			);
			name = "watchDigly Watch App";
			packageProductDependencies = (
				E5B7BE1B2CC0B19800CBFE0B /* Alamofire */,
			);
			productName = "watchDigly Watch App";
			productReference = ABBFA5642CB6886C001BA1E2 /* watchDigly Watch App.app */;
			productType = "com.apple.product-type.application";
		};
		ABBFA5722CB6886D001BA1E2 /* watchDigly Watch AppTests */ = {
			isa = PBXNativeTarget;
			buildConfigurationList = ABBFA5902CB6886D001BA1E2 /* Build configuration list for PBXNativeTarget "watchDigly Watch AppTests" */;
			buildPhases = (
				ABBFA56F2CB6886D001BA1E2 /* Sources */,
				ABBFA5702CB6886D001BA1E2 /* Frameworks */,
				ABBFA5712CB6886D001BA1E2 /* Resources */,
			);
			buildRules = (
			);
			dependencies = (
				ABBFA5752CB6886D001BA1E2 /* PBXTargetDependency */,
			);
			fileSystemSynchronizedGroups = (
				ABBFA5762CB6886D001BA1E2 /* watchDigly Watch AppTests */,
			);
			name = "watchDigly Watch AppTests";
			packageProductDependencies = (
			);
			productName = "watchDigly Watch AppTests";
			productReference = ABBFA5732CB6886D001BA1E2 /* watchDigly Watch AppTests.xctest */;
			productType = "com.apple.product-type.bundle.unit-test";
		};
		ABBFA57C2CB6886D001BA1E2 /* watchDigly Watch AppUITests */ = {
			isa = PBXNativeTarget;
			buildConfigurationList = ABBFA5912CB6886D001BA1E2 /* Build configuration list for PBXNativeTarget "watchDigly Watch AppUITests" */;
			buildPhases = (
				ABBFA5792CB6886D001BA1E2 /* Sources */,
				ABBFA57A2CB6886D001BA1E2 /* Frameworks */,
				ABBFA57B2CB6886D001BA1E2 /* Resources */,
			);
			buildRules = (
			);
			dependencies = (
				ABBFA57F2CB6886D001BA1E2 /* PBXTargetDependency */,
			);
			fileSystemSynchronizedGroups = (
				ABBFA5802CB6886D001BA1E2 /* watchDigly Watch AppUITests */,
			);
			name = "watchDigly Watch AppUITests";
			packageProductDependencies = (
			);
			productName = "watchDigly Watch AppUITests";
			productReference = ABBFA57D2CB6886D001BA1E2 /* watchDigly Watch AppUITests.xctest */;
			productType = "com.apple.product-type.bundle.ui-testing";
		};
/* End PBXNativeTarget section */

/* Begin PBXProject section */
		AB9148682CB681DE00454750 /* Project object */ = {
			isa = PBXProject;
			attributes = {
				BuildIndependentTargetsInParallel = 1;
				LastSwiftUpdateCheck = 1600;
				LastUpgradeCheck = 1600;
				TargetAttributes = {
					AB91486F2CB681DE00454750 = {
						CreatedOnToolsVersion = 16.0;
					};
					AB91487F2CB681DF00454750 = {
						CreatedOnToolsVersion = 16.0;
						TestTargetID = AB91486F2CB681DE00454750;
					};
					AB9148892CB681DF00454750 = {
						CreatedOnToolsVersion = 16.0;
						TestTargetID = AB91486F2CB681DE00454750;
					};
					ABBFA5632CB6886C001BA1E2 = {
						CreatedOnToolsVersion = 16.0;
					};
					ABBFA5722CB6886D001BA1E2 = {
						CreatedOnToolsVersion = 16.0;
						TestTargetID = ABBFA5632CB6886C001BA1E2;
					};
					ABBFA57C2CB6886D001BA1E2 = {
						CreatedOnToolsVersion = 16.0;
						TestTargetID = ABBFA5632CB6886C001BA1E2;
					};
				};
			};
			buildConfigurationList = AB91486B2CB681DE00454750 /* Build configuration list for PBXProject "digly" */;
			developmentRegion = en;
			hasScannedForEncodings = 0;
			knownRegions = (
				en,
				Base,
			);
			mainGroup = AB9148672CB681DE00454750;
			minimizedProjectReferenceProxies = 1;
			packageReferences = (
				AB91489F2CB6832200454750 /* XCRemoteSwiftPackageReference "GoogleSignIn-iOS" */,
				AB9148A22CB6834B00454750 /* XCRemoteSwiftPackageReference "Alamofire" */,
			);
			preferredProjectObjectVersion = 77;
			productRefGroup = AB9148712CB681DE00454750 /* Products */;
			projectDirPath = "";
			projectRoot = "";
			targets = (
				AB91486F2CB681DE00454750 /* digly */,
				AB91487F2CB681DF00454750 /* diglyTests */,
				AB9148892CB681DF00454750 /* diglyUITests */,
				ABBFA5632CB6886C001BA1E2 /* watchDigly Watch App */,
				ABBFA5722CB6886D001BA1E2 /* watchDigly Watch AppTests */,
				ABBFA57C2CB6886D001BA1E2 /* watchDigly Watch AppUITests */,
			);
		};
/* End PBXProject section */

/* Begin PBXResourcesBuildPhase section */
		AB91486E2CB681DE00454750 /* Resources */ = {
			isa = PBXResourcesBuildPhase;
			buildActionMask = 2147483647;
			files = (
				E5D29F302CC0E1E100427849 /* .gitignore in Resources */,
			);
			runOnlyForDeploymentPostprocessing = 0;
		};
		AB91487E2CB681DF00454750 /* Resources */ = {
			isa = PBXResourcesBuildPhase;
			buildActionMask = 2147483647;
			files = (
			);
			runOnlyForDeploymentPostprocessing = 0;
		};
		AB9148882CB681DF00454750 /* Resources */ = {
			isa = PBXResourcesBuildPhase;
			buildActionMask = 2147483647;
			files = (
			);
			runOnlyForDeploymentPostprocessing = 0;
		};
		ABBFA5622CB6886C001BA1E2 /* Resources */ = {
			isa = PBXResourcesBuildPhase;
			buildActionMask = 2147483647;
			files = (
			);
			runOnlyForDeploymentPostprocessing = 0;
		};
		ABBFA5712CB6886D001BA1E2 /* Resources */ = {
			isa = PBXResourcesBuildPhase;
			buildActionMask = 2147483647;
			files = (
			);
			runOnlyForDeploymentPostprocessing = 0;
		};
		ABBFA57B2CB6886D001BA1E2 /* Resources */ = {
			isa = PBXResourcesBuildPhase;
			buildActionMask = 2147483647;
			files = (
			);
			runOnlyForDeploymentPostprocessing = 0;
		};
/* End PBXResourcesBuildPhase section */

/* Begin PBXSourcesBuildPhase section */
		AB91486C2CB681DE00454750 /* Sources */ = {
			isa = PBXSourcesBuildPhase;
			buildActionMask = 2147483647;
			files = (
				E5084DC52CC105D000E4F874 /* WatchConnectivityManager.swift in Sources */,
			);
			runOnlyForDeploymentPostprocessing = 0;
		};
		AB91487C2CB681DF00454750 /* Sources */ = {
			isa = PBXSourcesBuildPhase;
			buildActionMask = 2147483647;
			files = (
			);
			runOnlyForDeploymentPostprocessing = 0;
		};
		AB9148862CB681DF00454750 /* Sources */ = {
			isa = PBXSourcesBuildPhase;
			buildActionMask = 2147483647;
			files = (
			);
			runOnlyForDeploymentPostprocessing = 0;
		};
		ABBFA5602CB6886C001BA1E2 /* Sources */ = {
			isa = PBXSourcesBuildPhase;
			buildActionMask = 2147483647;
			files = (
				E5084DC72CC1E81000E4F874 /* WatchConnectivityManager.swift in Sources */,
			);
			runOnlyForDeploymentPostprocessing = 0;
		};
		ABBFA56F2CB6886D001BA1E2 /* Sources */ = {
			isa = PBXSourcesBuildPhase;
			buildActionMask = 2147483647;
			files = (
			);
			runOnlyForDeploymentPostprocessing = 0;
		};
		ABBFA5792CB6886D001BA1E2 /* Sources */ = {
			isa = PBXSourcesBuildPhase;
			buildActionMask = 2147483647;
			files = (
			);
			runOnlyForDeploymentPostprocessing = 0;
		};
/* End PBXSourcesBuildPhase section */

/* Begin PBXTargetDependency section */
		AB9148822CB681DF00454750 /* PBXTargetDependency */ = {
			isa = PBXTargetDependency;
			target = AB91486F2CB681DE00454750 /* digly */;
			targetProxy = AB9148812CB681DF00454750 /* PBXContainerItemProxy */;
		};
		AB91488C2CB681DF00454750 /* PBXTargetDependency */ = {
			isa = PBXTargetDependency;
			target = AB91486F2CB681DE00454750 /* digly */;
			targetProxy = AB91488B2CB681DF00454750 /* PBXContainerItemProxy */;
		};
		ABBFA5752CB6886D001BA1E2 /* PBXTargetDependency */ = {
			isa = PBXTargetDependency;
			target = ABBFA5632CB6886C001BA1E2 /* watchDigly Watch App */;
			targetProxy = ABBFA5742CB6886D001BA1E2 /* PBXContainerItemProxy */;
		};
		ABBFA57F2CB6886D001BA1E2 /* PBXTargetDependency */ = {
			isa = PBXTargetDependency;
			target = ABBFA5632CB6886C001BA1E2 /* watchDigly Watch App */;
			targetProxy = ABBFA57E2CB6886D001BA1E2 /* PBXContainerItemProxy */;
		};
		ABBFA5862CB6886D001BA1E2 /* PBXTargetDependency */ = {
			isa = PBXTargetDependency;
			target = ABBFA5632CB6886C001BA1E2 /* watchDigly Watch App */;
			targetProxy = ABBFA5852CB6886D001BA1E2 /* PBXContainerItemProxy */;
		};
/* End PBXTargetDependency section */

/* Begin XCBuildConfiguration section */
		AB9148922CB681DF00454750 /* Debug */ = {
			isa = XCBuildConfiguration;
			buildSettings = {
				ALWAYS_SEARCH_USER_PATHS = NO;
				ASSETCATALOG_COMPILER_GENERATE_SWIFT_ASSET_SYMBOL_EXTENSIONS = YES;
				CLANG_ANALYZER_NONNULL = YES;
				CLANG_ANALYZER_NUMBER_OBJECT_CONVERSION = YES_AGGRESSIVE;
				CLANG_CXX_LANGUAGE_STANDARD = "gnu++20";
				CLANG_ENABLE_MODULES = YES;
				CLANG_ENABLE_OBJC_ARC = YES;
				CLANG_ENABLE_OBJC_WEAK = YES;
				CLANG_WARN_BLOCK_CAPTURE_AUTORELEASING = YES;
				CLANG_WARN_BOOL_CONVERSION = YES;
				CLANG_WARN_COMMA = YES;
				CLANG_WARN_CONSTANT_CONVERSION = YES;
				CLANG_WARN_DEPRECATED_OBJC_IMPLEMENTATIONS = YES;
				CLANG_WARN_DIRECT_OBJC_ISA_USAGE = YES_ERROR;
				CLANG_WARN_DOCUMENTATION_COMMENTS = YES;
				CLANG_WARN_EMPTY_BODY = YES;
				CLANG_WARN_ENUM_CONVERSION = YES;
				CLANG_WARN_INFINITE_RECURSION = YES;
				CLANG_WARN_INT_CONVERSION = YES;
				CLANG_WARN_NON_LITERAL_NULL_CONVERSION = YES;
				CLANG_WARN_OBJC_IMPLICIT_RETAIN_SELF = YES;
				CLANG_WARN_OBJC_LITERAL_CONVERSION = YES;
				CLANG_WARN_OBJC_ROOT_CLASS = YES_ERROR;
				CLANG_WARN_QUOTED_INCLUDE_IN_FRAMEWORK_HEADER = YES;
				CLANG_WARN_RANGE_LOOP_ANALYSIS = YES;
				CLANG_WARN_STRICT_PROTOTYPES = YES;
				CLANG_WARN_SUSPICIOUS_MOVE = YES;
				CLANG_WARN_UNGUARDED_AVAILABILITY = YES_AGGRESSIVE;
				CLANG_WARN_UNREACHABLE_CODE = YES;
				CLANG_WARN__DUPLICATE_METHOD_MATCH = YES;
				COPY_PHASE_STRIP = NO;
				DEBUG_INFORMATION_FORMAT = dwarf;
				ENABLE_STRICT_OBJC_MSGSEND = YES;
				ENABLE_TESTABILITY = YES;
				ENABLE_USER_SCRIPT_SANDBOXING = YES;
				GCC_C_LANGUAGE_STANDARD = gnu17;
				GCC_DYNAMIC_NO_PIC = NO;
				GCC_NO_COMMON_BLOCKS = YES;
				GCC_OPTIMIZATION_LEVEL = 0;
				GCC_PREPROCESSOR_DEFINITIONS = (
					"DEBUG=1",
					"$(inherited)",
				);
				GCC_WARN_64_TO_32_BIT_CONVERSION = YES;
				GCC_WARN_ABOUT_RETURN_TYPE = YES_ERROR;
				GCC_WARN_UNDECLARED_SELECTOR = YES;
				GCC_WARN_UNINITIALIZED_AUTOS = YES_AGGRESSIVE;
				GCC_WARN_UNUSED_FUNCTION = YES;
				GCC_WARN_UNUSED_VARIABLE = YES;
				GENERATE_INFOPLIST_FILE = YES;
				INFOPLIST_KEY_CFBundleDisplayName = Digly;
				IPHONEOS_DEPLOYMENT_TARGET = 18.0;
				LOCALIZATION_PREFERS_STRING_CATALOGS = YES;
				MTL_ENABLE_DEBUG_INFO = INCLUDE_SOURCE;
				MTL_FAST_MATH = YES;
				ONLY_ACTIVE_ARCH = YES;
				SDKROOT = iphoneos;
				SWIFT_ACTIVE_COMPILATION_CONDITIONS = "DEBUG $(inherited)";
				SWIFT_OPTIMIZATION_LEVEL = "-Onone";
			};
			name = Debug;
		};
		AB9148932CB681DF00454750 /* Release */ = {
			isa = XCBuildConfiguration;
			buildSettings = {
				ALWAYS_SEARCH_USER_PATHS = NO;
				ASSETCATALOG_COMPILER_GENERATE_SWIFT_ASSET_SYMBOL_EXTENSIONS = YES;
				CLANG_ANALYZER_NONNULL = YES;
				CLANG_ANALYZER_NUMBER_OBJECT_CONVERSION = YES_AGGRESSIVE;
				CLANG_CXX_LANGUAGE_STANDARD = "gnu++20";
				CLANG_ENABLE_MODULES = YES;
				CLANG_ENABLE_OBJC_ARC = YES;
				CLANG_ENABLE_OBJC_WEAK = YES;
				CLANG_WARN_BLOCK_CAPTURE_AUTORELEASING = YES;
				CLANG_WARN_BOOL_CONVERSION = YES;
				CLANG_WARN_COMMA = YES;
				CLANG_WARN_CONSTANT_CONVERSION = YES;
				CLANG_WARN_DEPRECATED_OBJC_IMPLEMENTATIONS = YES;
				CLANG_WARN_DIRECT_OBJC_ISA_USAGE = YES_ERROR;
				CLANG_WARN_DOCUMENTATION_COMMENTS = YES;
				CLANG_WARN_EMPTY_BODY = YES;
				CLANG_WARN_ENUM_CONVERSION = YES;
				CLANG_WARN_INFINITE_RECURSION = YES;
				CLANG_WARN_INT_CONVERSION = YES;
				CLANG_WARN_NON_LITERAL_NULL_CONVERSION = YES;
				CLANG_WARN_OBJC_IMPLICIT_RETAIN_SELF = YES;
				CLANG_WARN_OBJC_LITERAL_CONVERSION = YES;
				CLANG_WARN_OBJC_ROOT_CLASS = YES_ERROR;
				CLANG_WARN_QUOTED_INCLUDE_IN_FRAMEWORK_HEADER = YES;
				CLANG_WARN_RANGE_LOOP_ANALYSIS = YES;
				CLANG_WARN_STRICT_PROTOTYPES = YES;
				CLANG_WARN_SUSPICIOUS_MOVE = YES;
				CLANG_WARN_UNGUARDED_AVAILABILITY = YES_AGGRESSIVE;
				CLANG_WARN_UNREACHABLE_CODE = YES;
				CLANG_WARN__DUPLICATE_METHOD_MATCH = YES;
				COPY_PHASE_STRIP = NO;
				DEBUG_INFORMATION_FORMAT = "dwarf-with-dsym";
				ENABLE_NS_ASSERTIONS = NO;
				ENABLE_STRICT_OBJC_MSGSEND = YES;
				ENABLE_USER_SCRIPT_SANDBOXING = YES;
				GCC_C_LANGUAGE_STANDARD = gnu17;
				GCC_NO_COMMON_BLOCKS = YES;
				GCC_WARN_64_TO_32_BIT_CONVERSION = YES;
				GCC_WARN_ABOUT_RETURN_TYPE = YES_ERROR;
				GCC_WARN_UNDECLARED_SELECTOR = YES;
				GCC_WARN_UNINITIALIZED_AUTOS = YES_AGGRESSIVE;
				GCC_WARN_UNUSED_FUNCTION = YES;
				GCC_WARN_UNUSED_VARIABLE = YES;
				GENERATE_INFOPLIST_FILE = YES;
				INFOPLIST_KEY_CFBundleDisplayName = Digly;
				IPHONEOS_DEPLOYMENT_TARGET = 18.0;
				LOCALIZATION_PREFERS_STRING_CATALOGS = YES;
				MTL_ENABLE_DEBUG_INFO = NO;
				MTL_FAST_MATH = YES;
				SDKROOT = iphoneos;
				SWIFT_COMPILATION_MODE = wholemodule;
				VALIDATE_PRODUCT = YES;
			};
			name = Release;
		};
		AB9148952CB681DF00454750 /* Debug */ = {
			isa = XCBuildConfiguration;
			buildSettings = {
				ASSETCATALOG_COMPILER_APPICON_NAME = AppIcon;
				ASSETCATALOG_COMPILER_GLOBAL_ACCENT_COLOR_NAME = AccentColor;
				CODE_SIGN_STYLE = Automatic;
				CURRENT_PROJECT_VERSION = 1;
				DEVELOPMENT_ASSET_PATHS = "\"digly/Preview Content\"";
				DEVELOPMENT_TEAM = H856SYKNM8;
				ENABLE_PREVIEWS = YES;
				GENERATE_INFOPLIST_FILE = YES;
				INFOPLIST_FILE = digly/Info.plist;
				INFOPLIST_KEY_CFBundleDisplayName = Digly;
				INFOPLIST_KEY_UIApplicationSceneManifest_Generation = YES;
				INFOPLIST_KEY_UIApplicationSupportsIndirectInputEvents = YES;
				INFOPLIST_KEY_UILaunchStoryboardName = LaunchScreen;
				INFOPLIST_KEY_UISupportedInterfaceOrientations_iPad = "UIInterfaceOrientationPortrait UIInterfaceOrientationPortraitUpsideDown UIInterfaceOrientationLandscapeLeft UIInterfaceOrientationLandscapeRight";
				INFOPLIST_KEY_UISupportedInterfaceOrientations_iPhone = "UIInterfaceOrientationPortrait UIInterfaceOrientationLandscapeLeft UIInterfaceOrientationLandscapeRight";
				LD_RUNPATH_SEARCH_PATHS = (
					"$(inherited)",
					"@executable_path/Frameworks",
				);
				MARKETING_VERSION = 1.0;
				PRODUCT_BUNDLE_IDENTIFIER = com.neoself.digly;
				PRODUCT_NAME = "$(TARGET_NAME)";
				SWIFT_EMIT_LOC_STRINGS = YES;
				SWIFT_VERSION = 5.0;
				TARGETED_DEVICE_FAMILY = "1,2";
			};
			name = Debug;
		};
		AB9148962CB681DF00454750 /* Release */ = {
			isa = XCBuildConfiguration;
			buildSettings = {
				ASSETCATALOG_COMPILER_APPICON_NAME = AppIcon;
				ASSETCATALOG_COMPILER_GLOBAL_ACCENT_COLOR_NAME = AccentColor;
				CODE_SIGN_STYLE = Automatic;
				CURRENT_PROJECT_VERSION = 1;
				DEVELOPMENT_ASSET_PATHS = "\"digly/Preview Content\"";
				DEVELOPMENT_TEAM = H856SYKNM8;
				ENABLE_PREVIEWS = YES;
				GENERATE_INFOPLIST_FILE = YES;
				INFOPLIST_FILE = digly/Info.plist;
				INFOPLIST_KEY_CFBundleDisplayName = Digly;
				INFOPLIST_KEY_UIApplicationSceneManifest_Generation = YES;
				INFOPLIST_KEY_UIApplicationSupportsIndirectInputEvents = YES;
				INFOPLIST_KEY_UILaunchStoryboardName = LaunchScreen;
				INFOPLIST_KEY_UISupportedInterfaceOrientations_iPad = "UIInterfaceOrientationPortrait UIInterfaceOrientationPortraitUpsideDown UIInterfaceOrientationLandscapeLeft UIInterfaceOrientationLandscapeRight";
				INFOPLIST_KEY_UISupportedInterfaceOrientations_iPhone = "UIInterfaceOrientationPortrait UIInterfaceOrientationLandscapeLeft UIInterfaceOrientationLandscapeRight";
				LD_RUNPATH_SEARCH_PATHS = (
					"$(inherited)",
					"@executable_path/Frameworks",
				);
				MARKETING_VERSION = 1.0;
				PRODUCT_BUNDLE_IDENTIFIER = com.neoself.digly;
				PRODUCT_NAME = "$(TARGET_NAME)";
				SWIFT_EMIT_LOC_STRINGS = YES;
				SWIFT_VERSION = 5.0;
				TARGETED_DEVICE_FAMILY = "1,2";
			};
			name = Release;
		};
		AB9148982CB681DF00454750 /* Debug */ = {
			isa = XCBuildConfiguration;
			buildSettings = {
				BUNDLE_LOADER = "$(TEST_HOST)";
				CODE_SIGN_STYLE = Automatic;
				CURRENT_PROJECT_VERSION = 1;
				DEVELOPMENT_TEAM = H856SYKNM8;
				GENERATE_INFOPLIST_FILE = YES;
				IPHONEOS_DEPLOYMENT_TARGET = 18.0;
				MARKETING_VERSION = 1.0;
				PRODUCT_BUNDLE_IDENTIFIER = com.neoself.diglyTests;
				PRODUCT_NAME = "$(TARGET_NAME)";
				SWIFT_EMIT_LOC_STRINGS = NO;
				SWIFT_VERSION = 5.0;
				TARGETED_DEVICE_FAMILY = "1,2";
				TEST_HOST = "$(BUILT_PRODUCTS_DIR)/digly.app/$(BUNDLE_EXECUTABLE_FOLDER_PATH)/digly";
			};
			name = Debug;
		};
		AB9148992CB681DF00454750 /* Release */ = {
			isa = XCBuildConfiguration;
			buildSettings = {
				BUNDLE_LOADER = "$(TEST_HOST)";
				CODE_SIGN_STYLE = Automatic;
				CURRENT_PROJECT_VERSION = 1;
				DEVELOPMENT_TEAM = H856SYKNM8;
				GENERATE_INFOPLIST_FILE = YES;
				IPHONEOS_DEPLOYMENT_TARGET = 18.0;
				MARKETING_VERSION = 1.0;
				PRODUCT_BUNDLE_IDENTIFIER = com.neoself.diglyTests;
				PRODUCT_NAME = "$(TARGET_NAME)";
				SWIFT_EMIT_LOC_STRINGS = NO;
				SWIFT_VERSION = 5.0;
				TARGETED_DEVICE_FAMILY = "1,2";
				TEST_HOST = "$(BUILT_PRODUCTS_DIR)/digly.app/$(BUNDLE_EXECUTABLE_FOLDER_PATH)/digly";
			};
			name = Release;
		};
		AB91489B2CB681DF00454750 /* Debug */ = {
			isa = XCBuildConfiguration;
			buildSettings = {
				CODE_SIGN_STYLE = Automatic;
				CURRENT_PROJECT_VERSION = 1;
				DEVELOPMENT_TEAM = H856SYKNM8;
				GENERATE_INFOPLIST_FILE = YES;
				MARKETING_VERSION = 1.0;
				PRODUCT_BUNDLE_IDENTIFIER = com.neoself.diglyUITests;
				PRODUCT_NAME = "$(TARGET_NAME)";
				SWIFT_EMIT_LOC_STRINGS = NO;
				SWIFT_VERSION = 5.0;
				TARGETED_DEVICE_FAMILY = "1,2";
				TEST_TARGET_NAME = digly;
			};
			name = Debug;
		};
		AB91489C2CB681DF00454750 /* Release */ = {
			isa = XCBuildConfiguration;
			buildSettings = {
				CODE_SIGN_STYLE = Automatic;
				CURRENT_PROJECT_VERSION = 1;
				DEVELOPMENT_TEAM = H856SYKNM8;
				GENERATE_INFOPLIST_FILE = YES;
				MARKETING_VERSION = 1.0;
				PRODUCT_BUNDLE_IDENTIFIER = com.neoself.diglyUITests;
				PRODUCT_NAME = "$(TARGET_NAME)";
				SWIFT_EMIT_LOC_STRINGS = NO;
				SWIFT_VERSION = 5.0;
				TARGETED_DEVICE_FAMILY = "1,2";
				TEST_TARGET_NAME = digly;
			};
			name = Release;
		};
		ABBFA5892CB6886D001BA1E2 /* Debug */ = {
			isa = XCBuildConfiguration;
			buildSettings = {
				ASSETCATALOG_COMPILER_APPICON_NAME = AppIcon;
				ASSETCATALOG_COMPILER_GLOBAL_ACCENT_COLOR_NAME = AccentColor;
				CODE_SIGN_ENTITLEMENTS = "watchDigly Watch App/watchDigly Watch App.entitlements";
				CODE_SIGN_STYLE = Automatic;
				CURRENT_PROJECT_VERSION = 1;
				DEVELOPMENT_ASSET_PATHS = "\"watchDigly Watch App/Preview Content\"";
				DEVELOPMENT_TEAM = H856SYKNM8;
				ENABLE_PREVIEWS = YES;
				GENERATE_INFOPLIST_FILE = YES;
				INFOPLIST_FILE = "watchDigly-Watch-App-Info.plist";
				INFOPLIST_KEY_CFBundleDisplayName = watchDigly;
				INFOPLIST_KEY_NSHealthShareUsageDescription = "&quot;Digly&quot;의 디글리노트 작성 기능을 위해 건강정보를 사용하고자 해요.";
				INFOPLIST_KEY_NSHealthUpdateUsageDescription = "&quot;Digly&quot;의 디글리노트 작성 기능을 위해 건강정보를 공유하고자 해요.";
				INFOPLIST_KEY_UISupportedInterfaceOrientations = "UIInterfaceOrientationPortrait UIInterfaceOrientationPortraitUpsideDown";
				INFOPLIST_KEY_WKCompanionAppBundleIdentifier = com.neoself.digly;
				INFOPLIST_KEY_WKRunsIndependentlyOfCompanionApp = NO;
				LD_RUNPATH_SEARCH_PATHS = (
					"$(inherited)",
					"@executable_path/Frameworks",
				);
				MARKETING_VERSION = 1.0;
				PRODUCT_BUNDLE_IDENTIFIER = com.neoself.digly.watchkitapp;
				PRODUCT_NAME = "$(TARGET_NAME)";
				SDKROOT = watchos;
				SKIP_INSTALL = YES;
				SWIFT_EMIT_LOC_STRINGS = YES;
				SWIFT_VERSION = 5.0;
				TARGETED_DEVICE_FAMILY = 4;
				WATCHOS_DEPLOYMENT_TARGET = 11.0;
			};
			name = Debug;
		};
		ABBFA58A2CB6886D001BA1E2 /* Release */ = {
			isa = XCBuildConfiguration;
			buildSettings = {
				ASSETCATALOG_COMPILER_APPICON_NAME = AppIcon;
				ASSETCATALOG_COMPILER_GLOBAL_ACCENT_COLOR_NAME = AccentColor;
				CODE_SIGN_ENTITLEMENTS = "watchDigly Watch App/watchDigly Watch App.entitlements";
				CODE_SIGN_STYLE = Automatic;
				CURRENT_PROJECT_VERSION = 1;
				DEVELOPMENT_ASSET_PATHS = "\"watchDigly Watch App/Preview Content\"";
				DEVELOPMENT_TEAM = H856SYKNM8;
				ENABLE_PREVIEWS = YES;
				GENERATE_INFOPLIST_FILE = YES;
				INFOPLIST_FILE = "watchDigly-Watch-App-Info.plist";
				INFOPLIST_KEY_CFBundleDisplayName = watchDigly;
				INFOPLIST_KEY_NSHealthShareUsageDescription = "&quot;Digly&quot;의 디글리노트 작성 기능을 위해 건강정보를 사용하고자 해요.";
				INFOPLIST_KEY_NSHealthUpdateUsageDescription = "&quot;Digly&quot;의 디글리노트 작성 기능을 위해 건강정보를 공유하고자 해요.";
				INFOPLIST_KEY_UISupportedInterfaceOrientations = "UIInterfaceOrientationPortrait UIInterfaceOrientationPortraitUpsideDown";
				INFOPLIST_KEY_WKCompanionAppBundleIdentifier = com.neoself.digly;
				INFOPLIST_KEY_WKRunsIndependentlyOfCompanionApp = NO;
				LD_RUNPATH_SEARCH_PATHS = (
					"$(inherited)",
					"@executable_path/Frameworks",
				);
				MARKETING_VERSION = 1.0;
				PRODUCT_BUNDLE_IDENTIFIER = com.neoself.digly.watchkitapp;
				PRODUCT_NAME = "$(TARGET_NAME)";
				SDKROOT = watchos;
				SKIP_INSTALL = YES;
				SWIFT_EMIT_LOC_STRINGS = YES;
				SWIFT_VERSION = 5.0;
				TARGETED_DEVICE_FAMILY = 4;
				WATCHOS_DEPLOYMENT_TARGET = 11.0;
			};
			name = Release;
		};
		ABBFA58B2CB6886D001BA1E2 /* Debug */ = {
			isa = XCBuildConfiguration;
			buildSettings = {
				BUNDLE_LOADER = "$(TEST_HOST)";
				CODE_SIGN_STYLE = Automatic;
				CURRENT_PROJECT_VERSION = 1;
				DEVELOPMENT_TEAM = H856SYKNM8;
				GENERATE_INFOPLIST_FILE = YES;
				MARKETING_VERSION = 1.0;
				PRODUCT_BUNDLE_IDENTIFIER = "com.neoself.watchDigly-Watch-AppTests";
				PRODUCT_NAME = "$(TARGET_NAME)";
				SDKROOT = watchos;
				SWIFT_EMIT_LOC_STRINGS = NO;
				SWIFT_VERSION = 5.0;
				TARGETED_DEVICE_FAMILY = 4;
				TEST_HOST = "$(BUILT_PRODUCTS_DIR)/watchDigly Watch App.app/$(BUNDLE_EXECUTABLE_FOLDER_PATH)/watchDigly Watch App";
				WATCHOS_DEPLOYMENT_TARGET = 11.0;
			};
			name = Debug;
		};
		ABBFA58C2CB6886D001BA1E2 /* Release */ = {
			isa = XCBuildConfiguration;
			buildSettings = {
				BUNDLE_LOADER = "$(TEST_HOST)";
				CODE_SIGN_STYLE = Automatic;
				CURRENT_PROJECT_VERSION = 1;
				DEVELOPMENT_TEAM = H856SYKNM8;
				GENERATE_INFOPLIST_FILE = YES;
				MARKETING_VERSION = 1.0;
				PRODUCT_BUNDLE_IDENTIFIER = "com.neoself.watchDigly-Watch-AppTests";
				PRODUCT_NAME = "$(TARGET_NAME)";
				SDKROOT = watchos;
				SWIFT_EMIT_LOC_STRINGS = NO;
				SWIFT_VERSION = 5.0;
				TARGETED_DEVICE_FAMILY = 4;
				TEST_HOST = "$(BUILT_PRODUCTS_DIR)/watchDigly Watch App.app/$(BUNDLE_EXECUTABLE_FOLDER_PATH)/watchDigly Watch App";
				WATCHOS_DEPLOYMENT_TARGET = 11.0;
			};
			name = Release;
		};
		ABBFA58D2CB6886D001BA1E2 /* Debug */ = {
			isa = XCBuildConfiguration;
			buildSettings = {
				CODE_SIGN_STYLE = Automatic;
				CURRENT_PROJECT_VERSION = 1;
				DEVELOPMENT_TEAM = H856SYKNM8;
				GENERATE_INFOPLIST_FILE = YES;
				MARKETING_VERSION = 1.0;
				PRODUCT_BUNDLE_IDENTIFIER = "com.neoself.watchDigly-Watch-AppUITests";
				PRODUCT_NAME = "$(TARGET_NAME)";
				SDKROOT = watchos;
				SWIFT_EMIT_LOC_STRINGS = NO;
				SWIFT_VERSION = 5.0;
				TARGETED_DEVICE_FAMILY = 4;
				TEST_TARGET_NAME = "watchDigly Watch App";
				WATCHOS_DEPLOYMENT_TARGET = 11.0;
			};
			name = Debug;
		};
		ABBFA58E2CB6886D001BA1E2 /* Release */ = {
			isa = XCBuildConfiguration;
			buildSettings = {
				CODE_SIGN_STYLE = Automatic;
				CURRENT_PROJECT_VERSION = 1;
				DEVELOPMENT_TEAM = H856SYKNM8;
				GENERATE_INFOPLIST_FILE = YES;
				MARKETING_VERSION = 1.0;
				PRODUCT_BUNDLE_IDENTIFIER = "com.neoself.watchDigly-Watch-AppUITests";
				PRODUCT_NAME = "$(TARGET_NAME)";
				SDKROOT = watchos;
				SWIFT_EMIT_LOC_STRINGS = NO;
				SWIFT_VERSION = 5.0;
				TARGETED_DEVICE_FAMILY = 4;
				TEST_TARGET_NAME = "watchDigly Watch App";
				WATCHOS_DEPLOYMENT_TARGET = 11.0;
			};
			name = Release;
		};
/* End XCBuildConfiguration section */

/* Begin XCConfigurationList section */
		AB91486B2CB681DE00454750 /* Build configuration list for PBXProject "digly" */ = {
			isa = XCConfigurationList;
			buildConfigurations = (
				AB9148922CB681DF00454750 /* Debug */,
				AB9148932CB681DF00454750 /* Release */,
			);
			defaultConfigurationIsVisible = 0;
			defaultConfigurationName = Release;
		};
		AB9148942CB681DF00454750 /* Build configuration list for PBXNativeTarget "digly" */ = {
			isa = XCConfigurationList;
			buildConfigurations = (
				AB9148952CB681DF00454750 /* Debug */,
				AB9148962CB681DF00454750 /* Release */,
			);
			defaultConfigurationIsVisible = 0;
			defaultConfigurationName = Release;
		};
		AB9148972CB681DF00454750 /* Build configuration list for PBXNativeTarget "diglyTests" */ = {
			isa = XCConfigurationList;
			buildConfigurations = (
				AB9148982CB681DF00454750 /* Debug */,
				AB9148992CB681DF00454750 /* Release */,
			);
			defaultConfigurationIsVisible = 0;
			defaultConfigurationName = Release;
		};
		AB91489A2CB681DF00454750 /* Build configuration list for PBXNativeTarget "diglyUITests" */ = {
			isa = XCConfigurationList;
			buildConfigurations = (
				AB91489B2CB681DF00454750 /* Debug */,
				AB91489C2CB681DF00454750 /* Release */,
			);
			defaultConfigurationIsVisible = 0;
			defaultConfigurationName = Release;
		};
		ABBFA58F2CB6886D001BA1E2 /* Build configuration list for PBXNativeTarget "watchDigly Watch App" */ = {
			isa = XCConfigurationList;
			buildConfigurations = (
				ABBFA5892CB6886D001BA1E2 /* Debug */,
				ABBFA58A2CB6886D001BA1E2 /* Release */,
			);
			defaultConfigurationIsVisible = 0;
			defaultConfigurationName = Release;
		};
		ABBFA5902CB6886D001BA1E2 /* Build configuration list for PBXNativeTarget "watchDigly Watch AppTests" */ = {
			isa = XCConfigurationList;
			buildConfigurations = (
				ABBFA58B2CB6886D001BA1E2 /* Debug */,
				ABBFA58C2CB6886D001BA1E2 /* Release */,
			);
			defaultConfigurationIsVisible = 0;
			defaultConfigurationName = Release;
		};
		ABBFA5912CB6886D001BA1E2 /* Build configuration list for PBXNativeTarget "watchDigly Watch AppUITests" */ = {
			isa = XCConfigurationList;
			buildConfigurations = (
				ABBFA58D2CB6886D001BA1E2 /* Debug */,
				ABBFA58E2CB6886D001BA1E2 /* Release */,
			);
			defaultConfigurationIsVisible = 0;
			defaultConfigurationName = Release;
		};
/* End XCConfigurationList section */

/* Begin XCRemoteSwiftPackageReference section */
		AB91489F2CB6832200454750 /* XCRemoteSwiftPackageReference "GoogleSignIn-iOS" */ = {
			isa = XCRemoteSwiftPackageReference;
			repositoryURL = "https://github.com/google/GoogleSignIn-iOS";
			requirement = {
				kind = upToNextMajorVersion;
				minimumVersion = 8.0.0;
			};
		};
		AB9148A22CB6834B00454750 /* XCRemoteSwiftPackageReference "Alamofire" */ = {
			isa = XCRemoteSwiftPackageReference;
			repositoryURL = "https://github.com/Alamofire/Alamofire.git";
			requirement = {
				kind = upToNextMajorVersion;
				minimumVersion = 5.9.1;
			};
		};
/* End XCRemoteSwiftPackageReference section */

/* Begin XCSwiftPackageProductDependency section */
		AB9148A02CB6832200454750 /* GoogleSignIn */ = {
			isa = XCSwiftPackageProductDependency;
			package = AB91489F2CB6832200454750 /* XCRemoteSwiftPackageReference "GoogleSignIn-iOS" */;
			productName = GoogleSignIn;
		};
		AB9148A32CB6834B00454750 /* Alamofire */ = {
			isa = XCSwiftPackageProductDependency;
			package = AB9148A22CB6834B00454750 /* XCRemoteSwiftPackageReference "Alamofire" */;
			productName = Alamofire;
		};
		E5B7BE1B2CC0B19800CBFE0B /* Alamofire */ = {
			isa = XCSwiftPackageProductDependency;
			package = AB9148A22CB6834B00454750 /* XCRemoteSwiftPackageReference "Alamofire" */;
			productName = Alamofire;
		};
/* End XCSwiftPackageProductDependency section */
	};
	rootObject = AB9148682CB681DE00454750 /* Project object */;
}
